// !$*UTF8*$!
{
	archiveVersion = 1;
	classes = {
	};
	objectVersion = 55;
	objects = {

/* Begin PBXBuildFile section */
		1F08A23A282BF70300A51A17 /* ExtractedFunctionsBootcamp.swift in Sources */ = {isa = PBXBuildFile; fileRef = 1F08A239282BF70300A51A17 /* ExtractedFunctionsBootcamp.swift */; };
		1F08A23B282BF70300A51A17 /* ExtractedFunctionsBootcamp.swift in Sources */ = {isa = PBXBuildFile; fileRef = 1F08A239282BF70300A51A17 /* ExtractedFunctionsBootcamp.swift */; };
		1F08A23D282C01F500A51A17 /* ExtractSubviewsBootcamp.swift in Sources */ = {isa = PBXBuildFile; fileRef = 1F08A23C282C01F500A51A17 /* ExtractSubviewsBootcamp.swift */; };
		1F08A23E282C01F500A51A17 /* ExtractSubviewsBootcamp.swift in Sources */ = {isa = PBXBuildFile; fileRef = 1F08A23C282C01F500A51A17 /* ExtractSubviewsBootcamp.swift */; };
		1F08A240282C07AA00A51A17 /* BindingBootcamp.swift in Sources */ = {isa = PBXBuildFile; fileRef = 1F08A23F282C07AA00A51A17 /* BindingBootcamp.swift */; };
		1F08A241282C07AA00A51A17 /* BindingBootcamp.swift in Sources */ = {isa = PBXBuildFile; fileRef = 1F08A23F282C07AA00A51A17 /* BindingBootcamp.swift */; };
		1F44EE1C282ECD8900252DFE /* TabViewBootcamp.swift in Sources */ = {isa = PBXBuildFile; fileRef = 1F44EE1B282ECD8900252DFE /* TabViewBootcamp.swift */; };
		1F4E7A7D2827C53F00B4C9A2 /* ImageBootcamp.swift in Sources */ = {isa = PBXBuildFile; fileRef = 1F4E7A7C2827C53F00B4C9A2 /* ImageBootcamp.swift */; };
		1F4E7A7E2827C53F00B4C9A2 /* ImageBootcamp.swift in Sources */ = {isa = PBXBuildFile; fileRef = 1F4E7A7C2827C53F00B4C9A2 /* ImageBootcamp.swift */; };
		1F4E7A802827F1CE00B4C9A2 /* FrameBootcamp.swift in Sources */ = {isa = PBXBuildFile; fileRef = 1F4E7A7F2827F1CE00B4C9A2 /* FrameBootcamp.swift */; };
		1F4E7A812827F1CE00B4C9A2 /* FrameBootcamp.swift in Sources */ = {isa = PBXBuildFile; fileRef = 1F4E7A7F2827F1CE00B4C9A2 /* FrameBootcamp.swift */; };
		1F4E7A832827F71900B4C9A2 /* BackgroundAndOverlayBootcamp.swift in Sources */ = {isa = PBXBuildFile; fileRef = 1F4E7A822827F71900B4C9A2 /* BackgroundAndOverlayBootcamp.swift */; };
		1F4E7A842827F71900B4C9A2 /* BackgroundAndOverlayBootcamp.swift in Sources */ = {isa = PBXBuildFile; fileRef = 1F4E7A822827F71900B4C9A2 /* BackgroundAndOverlayBootcamp.swift */; };
		1F4E7A86282808DB00B4C9A2 /* StacksBootcamp.swift in Sources */ = {isa = PBXBuildFile; fileRef = 1F4E7A85282808DB00B4C9A2 /* StacksBootcamp.swift */; };
		1F4E7A87282808DB00B4C9A2 /* StacksBootcamp.swift in Sources */ = {isa = PBXBuildFile; fileRef = 1F4E7A85282808DB00B4C9A2 /* StacksBootcamp.swift */; };
		1F4E7A89282817EF00B4C9A2 /* PaddingAndSpacerBootcamp.swift in Sources */ = {isa = PBXBuildFile; fileRef = 1F4E7A88282817EF00B4C9A2 /* PaddingAndSpacerBootcamp.swift */; };
		1F4E7A8A282817EF00B4C9A2 /* PaddingAndSpacerBootcamp.swift in Sources */ = {isa = PBXBuildFile; fileRef = 1F4E7A88282817EF00B4C9A2 /* PaddingAndSpacerBootcamp.swift */; };
		1F4E7A8C28281B5900B4C9A2 /* SpacerBootcamp.swift in Sources */ = {isa = PBXBuildFile; fileRef = 1F4E7A8B28281B5900B4C9A2 /* SpacerBootcamp.swift */; };
		1F4E7A8D28281B5900B4C9A2 /* SpacerBootcamp.swift in Sources */ = {isa = PBXBuildFile; fileRef = 1F4E7A8B28281B5900B4C9A2 /* SpacerBootcamp.swift */; };
		1F4E7A8F282823AC00B4C9A2 /* InitializerBootcamp.swift in Sources */ = {isa = PBXBuildFile; fileRef = 1F4E7A8E282823AC00B4C9A2 /* InitializerBootcamp.swift */; };
		1F4E7A90282823AC00B4C9A2 /* InitializerBootcamp.swift in Sources */ = {isa = PBXBuildFile; fileRef = 1F4E7A8E282823AC00B4C9A2 /* InitializerBootcamp.swift */; };
		1F4E7A922828293B00B4C9A2 /* ForEachBootcamp.swift in Sources */ = {isa = PBXBuildFile; fileRef = 1F4E7A912828293B00B4C9A2 /* ForEachBootcamp.swift */; };
		1F4E7A932828293B00B4C9A2 /* ForEachBootcamp.swift in Sources */ = {isa = PBXBuildFile; fileRef = 1F4E7A912828293B00B4C9A2 /* ForEachBootcamp.swift */; };
		1F4E7A952828327100B4C9A2 /* ScrollViewBootcamp.swift in Sources */ = {isa = PBXBuildFile; fileRef = 1F4E7A942828327100B4C9A2 /* ScrollViewBootcamp.swift */; };
		1F4E7A962828327100B4C9A2 /* ScrollViewBootcamp.swift in Sources */ = {isa = PBXBuildFile; fileRef = 1F4E7A942828327100B4C9A2 /* ScrollViewBootcamp.swift */; };
		1F4E7A98282836ED00B4C9A2 /* GridBootcamp.swift in Sources */ = {isa = PBXBuildFile; fileRef = 1F4E7A97282836ED00B4C9A2 /* GridBootcamp.swift */; };
		1F4E7A99282836ED00B4C9A2 /* GridBootcamp.swift in Sources */ = {isa = PBXBuildFile; fileRef = 1F4E7A97282836ED00B4C9A2 /* GridBootcamp.swift */; };
		1F4E7A9B28283D4700B4C9A2 /* SafeAreaBootcamp.swift in Sources */ = {isa = PBXBuildFile; fileRef = 1F4E7A9A28283D4700B4C9A2 /* SafeAreaBootcamp.swift */; };
		1F4E7A9C28283D4700B4C9A2 /* SafeAreaBootcamp.swift in Sources */ = {isa = PBXBuildFile; fileRef = 1F4E7A9A28283D4700B4C9A2 /* SafeAreaBootcamp.swift */; };
		1F4E7A9E282841F300B4C9A2 /* ButtonBootcamp.swift in Sources */ = {isa = PBXBuildFile; fileRef = 1F4E7A9D282841F300B4C9A2 /* ButtonBootcamp.swift */; };
		1F4E7A9F282841F300B4C9A2 /* ButtonBootcamp.swift in Sources */ = {isa = PBXBuildFile; fileRef = 1F4E7A9D282841F300B4C9A2 /* ButtonBootcamp.swift */; };
		1F4E7AA1282847F300B4C9A2 /* StateBootcamp.swift in Sources */ = {isa = PBXBuildFile; fileRef = 1F4E7AA0282847F300B4C9A2 /* StateBootcamp.swift */; };
		1F4E7AA2282847F300B4C9A2 /* StateBootcamp.swift in Sources */ = {isa = PBXBuildFile; fileRef = 1F4E7AA0282847F300B4C9A2 /* StateBootcamp.swift */; };
		1F661461283539DA00A3385F /* TextFieldBootcamp.swift in Sources */ = {isa = PBXBuildFile; fileRef = 1F661460283539DA00A3385F /* TextFieldBootcamp.swift */; };
		1F66146328353F8900A3385F /* TextEditorBootcamp.swift in Sources */ = {isa = PBXBuildFile; fileRef = 1F66146228353F8900A3385F /* TextEditorBootcamp.swift */; };
		1F6614652835434800A3385F /* ToggleBootcamp.swift in Sources */ = {isa = PBXBuildFile; fileRef = 1F6614642835434800A3385F /* ToggleBootcamp.swift */; };
		1F661467283550AA00A3385F /* PickerBootcamp.swift in Sources */ = {isa = PBXBuildFile; fileRef = 1F661466283550AA00A3385F /* PickerBootcamp.swift */; };
		1F6614692835679100A3385F /* ColorPickerBootcamp.swift in Sources */ = {isa = PBXBuildFile; fileRef = 1F6614682835679100A3385F /* ColorPickerBootcamp.swift */; };
		1F66146B2835697600A3385F /* DatePickerBootcamp.swift in Sources */ = {isa = PBXBuildFile; fileRef = 1F66146A2835697600A3385F /* DatePickerBootcamp.swift */; };
		1F6C85D5282CEEAB00BD8996 /* ConditionalBootcamp.swift in Sources */ = {isa = PBXBuildFile; fileRef = 1F6C85D4282CEEAB00BD8996 /* ConditionalBootcamp.swift */; };
		1F6C85D7282CF7D300BD8996 /* TernaryBootcamp.swift in Sources */ = {isa = PBXBuildFile; fileRef = 1F6C85D6282CF7D300BD8996 /* TernaryBootcamp.swift */; };
		1F6C85D9282CF9A600BD8996 /* AnimationBootcamp.swift in Sources */ = {isa = PBXBuildFile; fileRef = 1F6C85D8282CF9A600BD8996 /* AnimationBootcamp.swift */; };
		1F6C85DB282D1C5700BD8996 /* AnimationTimingBootcamp.swift in Sources */ = {isa = PBXBuildFile; fileRef = 1F6C85DA282D1C5700BD8996 /* AnimationTimingBootcamp.swift */; };
		1F6C85DD282D364C00BD8996 /* TransitionBootcamp.swift in Sources */ = {isa = PBXBuildFile; fileRef = 1F6C85DC282D364C00BD8996 /* TransitionBootcamp.swift */; };
		1F6C85DF282D40D300BD8996 /* SheetsAndFullScreenCoversBootcamp.swift in Sources */ = {isa = PBXBuildFile; fileRef = 1F6C85DE282D40D300BD8996 /* SheetsAndFullScreenCoversBootcamp.swift */; };
		1F6C85E1282D5F7800BD8996 /* PopoverBootcamp.swift in Sources */ = {isa = PBXBuildFile; fileRef = 1F6C85E0282D5F7700BD8996 /* PopoverBootcamp.swift */; };
		1F756D16283784F90039A6C4 /* LetGuardBootcamp.swift in Sources */ = {isa = PBXBuildFile; fileRef = 1F756D15283784F90039A6C4 /* LetGuardBootcamp.swift */; };
		1F756D1828378BAC0039A6C4 /* TapGestureBootcamp.swift in Sources */ = {isa = PBXBuildFile; fileRef = 1F756D1728378BAB0039A6C4 /* TapGestureBootcamp.swift */; };
		1F756D1A283793B20039A6C4 /* ModelBootcamp.swift in Sources */ = {isa = PBXBuildFile; fileRef = 1F756D19283793B20039A6C4 /* ModelBootcamp.swift */; };
		1F756D1C2837CBC70039A6C4 /* ViewModelBootcamp.swift in Sources */ = {isa = PBXBuildFile; fileRef = 1F756D1B2837CBC70039A6C4 /* ViewModelBootcamp.swift */; };
		1F773DDF28340B1D00501819 /* NavigationViewBootcamp.swift in Sources */ = {isa = PBXBuildFile; fileRef = 1F773DDE28340B1D00501819 /* NavigationViewBootcamp.swift */; };
		1F773DE028340B1D00501819 /* NavigationViewBootcamp.swift in Sources */ = {isa = PBXBuildFile; fileRef = 1F773DDE28340B1D00501819 /* NavigationViewBootcamp.swift */; };
		1F773DE228340E7900501819 /* ListBootcamp.swift in Sources */ = {isa = PBXBuildFile; fileRef = 1F773DE128340E7900501819 /* ListBootcamp.swift */; };
		1F773DE42834E6E700501819 /* AlertBootcamp.swift in Sources */ = {isa = PBXBuildFile; fileRef = 1F773DE32834E6E700501819 /* AlertBootcamp.swift */; };
		1F773DE62835012300501819 /* ActionsheetBootcamp.swift in Sources */ = {isa = PBXBuildFile; fileRef = 1F773DE52835012300501819 /* ActionsheetBootcamp.swift */; };
		1F773DE828351FA800501819 /* ContextMenuBootcamp.swift in Sources */ = {isa = PBXBuildFile; fileRef = 1F773DE728351FA800501819 /* ContextMenuBootcamp.swift */; };
		1FAFF48B283920D000C0D546 /* EnvironmentObjectBootcamp.swift in Sources */ = {isa = PBXBuildFile; fileRef = 1FAFF48A283920D000C0D546 /* EnvironmentObjectBootcamp.swift */; };
		1FAFF48D2839338F00C0D546 /* AppStorageBootcamp.swift in Sources */ = {isa = PBXBuildFile; fileRef = 1FAFF48C2839338F00C0D546 /* AppStorageBootcamp.swift */; };
		1FAFF49128393FC400C0D546 /* IntroView.swift in Sources */ = {isa = PBXBuildFile; fileRef = 1FAFF49028393FC400C0D546 /* IntroView.swift */; };
		1FAFF4932839412800C0D546 /* OnboardingView.swift in Sources */ = {isa = PBXBuildFile; fileRef = 1FAFF4922839412800C0D546 /* OnboardingView.swift */; };
		1FB91F72283BD2D5006EC9C6 /* ProfileView.swift in Sources */ = {isa = PBXBuildFile; fileRef = 1FB91F71283BD2D5006EC9C6 /* ProfileView.swift */; };
		1FCAB08628368E5F00A7FEF2 /* StepperBootcamp.swift in Sources */ = {isa = PBXBuildFile; fileRef = 1FCAB08528368E5F00A7FEF2 /* StepperBootcamp.swift */; };
		1FCAB088283693B000A7FEF2 /* SliderBootcamp.swift in Sources */ = {isa = PBXBuildFile; fileRef = 1FCAB087283693B000A7FEF2 /* SliderBootcamp.swift */; };
		1FCAB08A2836A7B600A7FEF2 /* PageTabViewStyleBootcamp.swift in Sources */ = {isa = PBXBuildFile; fileRef = 1FCAB0892836A7B600A7FEF2 /* PageTabViewStyleBootcamp.swift */; };
		1FCAB08C2836AA6100A7FEF2 /* DarkModeBootcamp.swift in Sources */ = {isa = PBXBuildFile; fileRef = 1FCAB08B2836AA6100A7FEF2 /* DarkModeBootcamp.swift */; };
		1FCAB08E2836ACFF00A7FEF2 /* DocumentationBootcamp.swift in Sources */ = {isa = PBXBuildFile; fileRef = 1FCAB08D2836ACFF00A7FEF2 /* DocumentationBootcamp.swift */; };
		1FD9D2F9282517DB00615110 /* SwiftUIBootcampApp.swift in Sources */ = {isa = PBXBuildFile; fileRef = 1FD9D2E9282517D900615110 /* SwiftUIBootcampApp.swift */; };
		1FD9D2FA282517DB00615110 /* SwiftUIBootcampApp.swift in Sources */ = {isa = PBXBuildFile; fileRef = 1FD9D2E9282517D900615110 /* SwiftUIBootcampApp.swift */; };
		1FD9D2FB282517DB00615110 /* ContentView.swift in Sources */ = {isa = PBXBuildFile; fileRef = 1FD9D2EA282517D900615110 /* ContentView.swift */; };
		1FD9D2FC282517DB00615110 /* ContentView.swift in Sources */ = {isa = PBXBuildFile; fileRef = 1FD9D2EA282517D900615110 /* ContentView.swift */; };
		1FD9D2FD282517DB00615110 /* Assets.xcassets in Resources */ = {isa = PBXBuildFile; fileRef = 1FD9D2EB282517DB00615110 /* Assets.xcassets */; };
		1FD9D2FE282517DB00615110 /* Assets.xcassets in Resources */ = {isa = PBXBuildFile; fileRef = 1FD9D2EB282517DB00615110 /* Assets.xcassets */; };
		1FD9D3082825181100615110 /* TextBootcamp.swift in Sources */ = {isa = PBXBuildFile; fileRef = 1FD9D3072825181100615110 /* TextBootcamp.swift */; };
		1FD9D3092825181100615110 /* TextBootcamp.swift in Sources */ = {isa = PBXBuildFile; fileRef = 1FD9D3072825181100615110 /* TextBootcamp.swift */; };
		1FD9D30B2825185200615110 /* ShapesBootcamp.swift in Sources */ = {isa = PBXBuildFile; fileRef = 1FD9D30A2825185200615110 /* ShapesBootcamp.swift */; };
		1FD9D30C2825185200615110 /* ShapesBootcamp.swift in Sources */ = {isa = PBXBuildFile; fileRef = 1FD9D30A2825185200615110 /* ShapesBootcamp.swift */; };
		1FD9D30E2825658E00615110 /* ColorsBootcamp.swift in Sources */ = {isa = PBXBuildFile; fileRef = 1FD9D30D2825658E00615110 /* ColorsBootcamp.swift */; };
		1FD9D30F2825658E00615110 /* ColorsBootcamp.swift in Sources */ = {isa = PBXBuildFile; fileRef = 1FD9D30D2825658E00615110 /* ColorsBootcamp.swift */; };
		1FD9D31128256E6800615110 /* GradientsBootcamp.swift in Sources */ = {isa = PBXBuildFile; fileRef = 1FD9D31028256E6800615110 /* GradientsBootcamp.swift */; };
		1FD9D31228256E6800615110 /* GradientsBootcamp.swift in Sources */ = {isa = PBXBuildFile; fileRef = 1FD9D31028256E6800615110 /* GradientsBootcamp.swift */; };
		1FD9D3142825755900615110 /* IconsBootcamp.swift in Sources */ = {isa = PBXBuildFile; fileRef = 1FD9D3132825755900615110 /* IconsBootcamp.swift */; };
		1FD9D3152825755900615110 /* IconsBootcamp.swift in Sources */ = {isa = PBXBuildFile; fileRef = 1FD9D3132825755900615110 /* IconsBootcamp.swift */; };
		1FDCAB9F2836B57400D834FC /* OnAppearBootcamp.swift in Sources */ = {isa = PBXBuildFile; fileRef = 1FDCAB9E2836B57400D834FC /* OnAppearBootcamp.swift */; };
/* End PBXBuildFile section */

/* Begin PBXFileReference section */
		1F08A239282BF70300A51A17 /* ExtractedFunctionsBootcamp.swift */ = {isa = PBXFileReference; lastKnownFileType = sourcecode.swift; path = ExtractedFunctionsBootcamp.swift; sourceTree = "<group>"; };
		1F08A23C282C01F500A51A17 /* ExtractSubviewsBootcamp.swift */ = {isa = PBXFileReference; lastKnownFileType = sourcecode.swift; path = ExtractSubviewsBootcamp.swift; sourceTree = "<group>"; };
		1F08A23F282C07AA00A51A17 /* BindingBootcamp.swift */ = {isa = PBXFileReference; lastKnownFileType = sourcecode.swift; path = BindingBootcamp.swift; sourceTree = "<group>"; };
		1F44EE1B282ECD8900252DFE /* TabViewBootcamp.swift */ = {isa = PBXFileReference; lastKnownFileType = sourcecode.swift; path = TabViewBootcamp.swift; sourceTree = "<group>"; };
		1F4E7A7C2827C53F00B4C9A2 /* ImageBootcamp.swift */ = {isa = PBXFileReference; lastKnownFileType = sourcecode.swift; path = ImageBootcamp.swift; sourceTree = "<group>"; };
		1F4E7A7F2827F1CE00B4C9A2 /* FrameBootcamp.swift */ = {isa = PBXFileReference; lastKnownFileType = sourcecode.swift; path = FrameBootcamp.swift; sourceTree = "<group>"; };
		1F4E7A822827F71900B4C9A2 /* BackgroundAndOverlayBootcamp.swift */ = {isa = PBXFileReference; lastKnownFileType = sourcecode.swift; path = BackgroundAndOverlayBootcamp.swift; sourceTree = "<group>"; };
		1F4E7A85282808DB00B4C9A2 /* StacksBootcamp.swift */ = {isa = PBXFileReference; lastKnownFileType = sourcecode.swift; path = StacksBootcamp.swift; sourceTree = "<group>"; };
		1F4E7A88282817EF00B4C9A2 /* PaddingAndSpacerBootcamp.swift */ = {isa = PBXFileReference; lastKnownFileType = sourcecode.swift; path = PaddingAndSpacerBootcamp.swift; sourceTree = "<group>"; };
		1F4E7A8B28281B5900B4C9A2 /* SpacerBootcamp.swift */ = {isa = PBXFileReference; lastKnownFileType = sourcecode.swift; path = SpacerBootcamp.swift; sourceTree = "<group>"; };
		1F4E7A8E282823AC00B4C9A2 /* InitializerBootcamp.swift */ = {isa = PBXFileReference; lastKnownFileType = sourcecode.swift; path = InitializerBootcamp.swift; sourceTree = "<group>"; };
		1F4E7A912828293B00B4C9A2 /* ForEachBootcamp.swift */ = {isa = PBXFileReference; lastKnownFileType = sourcecode.swift; path = ForEachBootcamp.swift; sourceTree = "<group>"; };
		1F4E7A942828327100B4C9A2 /* ScrollViewBootcamp.swift */ = {isa = PBXFileReference; lastKnownFileType = sourcecode.swift; path = ScrollViewBootcamp.swift; sourceTree = "<group>"; };
		1F4E7A97282836ED00B4C9A2 /* GridBootcamp.swift */ = {isa = PBXFileReference; lastKnownFileType = sourcecode.swift; path = GridBootcamp.swift; sourceTree = "<group>"; };
		1F4E7A9A28283D4700B4C9A2 /* SafeAreaBootcamp.swift */ = {isa = PBXFileReference; lastKnownFileType = sourcecode.swift; path = SafeAreaBootcamp.swift; sourceTree = "<group>"; };
		1F4E7A9D282841F300B4C9A2 /* ButtonBootcamp.swift */ = {isa = PBXFileReference; lastKnownFileType = sourcecode.swift; path = ButtonBootcamp.swift; sourceTree = "<group>"; };
		1F4E7AA0282847F300B4C9A2 /* StateBootcamp.swift */ = {isa = PBXFileReference; lastKnownFileType = sourcecode.swift; path = StateBootcamp.swift; sourceTree = "<group>"; };
		1F661460283539DA00A3385F /* TextFieldBootcamp.swift */ = {isa = PBXFileReference; lastKnownFileType = sourcecode.swift; path = TextFieldBootcamp.swift; sourceTree = "<group>"; };
		1F66146228353F8900A3385F /* TextEditorBootcamp.swift */ = {isa = PBXFileReference; lastKnownFileType = sourcecode.swift; path = TextEditorBootcamp.swift; sourceTree = "<group>"; };
		1F6614642835434800A3385F /* ToggleBootcamp.swift */ = {isa = PBXFileReference; lastKnownFileType = sourcecode.swift; path = ToggleBootcamp.swift; sourceTree = "<group>"; };
		1F661466283550AA00A3385F /* PickerBootcamp.swift */ = {isa = PBXFileReference; lastKnownFileType = sourcecode.swift; path = PickerBootcamp.swift; sourceTree = "<group>"; };
		1F6614682835679100A3385F /* ColorPickerBootcamp.swift */ = {isa = PBXFileReference; lastKnownFileType = sourcecode.swift; path = ColorPickerBootcamp.swift; sourceTree = "<group>"; };
		1F66146A2835697600A3385F /* DatePickerBootcamp.swift */ = {isa = PBXFileReference; lastKnownFileType = sourcecode.swift; path = DatePickerBootcamp.swift; sourceTree = "<group>"; };
		1F6C85D4282CEEAB00BD8996 /* ConditionalBootcamp.swift */ = {isa = PBXFileReference; lastKnownFileType = sourcecode.swift; path = ConditionalBootcamp.swift; sourceTree = "<group>"; };
		1F6C85D6282CF7D300BD8996 /* TernaryBootcamp.swift */ = {isa = PBXFileReference; lastKnownFileType = sourcecode.swift; path = TernaryBootcamp.swift; sourceTree = "<group>"; };
		1F6C85D8282CF9A600BD8996 /* AnimationBootcamp.swift */ = {isa = PBXFileReference; lastKnownFileType = sourcecode.swift; path = AnimationBootcamp.swift; sourceTree = "<group>"; };
		1F6C85DA282D1C5700BD8996 /* AnimationTimingBootcamp.swift */ = {isa = PBXFileReference; lastKnownFileType = sourcecode.swift; path = AnimationTimingBootcamp.swift; sourceTree = "<group>"; };
		1F6C85DC282D364C00BD8996 /* TransitionBootcamp.swift */ = {isa = PBXFileReference; lastKnownFileType = sourcecode.swift; path = TransitionBootcamp.swift; sourceTree = "<group>"; };
		1F6C85DE282D40D300BD8996 /* SheetsAndFullScreenCoversBootcamp.swift */ = {isa = PBXFileReference; lastKnownFileType = sourcecode.swift; path = SheetsAndFullScreenCoversBootcamp.swift; sourceTree = "<group>"; };
		1F6C85E0282D5F7700BD8996 /* PopoverBootcamp.swift */ = {isa = PBXFileReference; lastKnownFileType = sourcecode.swift; path = PopoverBootcamp.swift; sourceTree = "<group>"; };
		1F756D15283784F90039A6C4 /* LetGuardBootcamp.swift */ = {isa = PBXFileReference; lastKnownFileType = sourcecode.swift; path = LetGuardBootcamp.swift; sourceTree = "<group>"; };
		1F756D1728378BAB0039A6C4 /* TapGestureBootcamp.swift */ = {isa = PBXFileReference; lastKnownFileType = sourcecode.swift; path = TapGestureBootcamp.swift; sourceTree = "<group>"; };
		1F756D19283793B20039A6C4 /* ModelBootcamp.swift */ = {isa = PBXFileReference; lastKnownFileType = sourcecode.swift; path = ModelBootcamp.swift; sourceTree = "<group>"; };
		1F756D1B2837CBC70039A6C4 /* ViewModelBootcamp.swift */ = {isa = PBXFileReference; lastKnownFileType = sourcecode.swift; path = ViewModelBootcamp.swift; sourceTree = "<group>"; };
		1F773DDE28340B1D00501819 /* NavigationViewBootcamp.swift */ = {isa = PBXFileReference; lastKnownFileType = sourcecode.swift; path = NavigationViewBootcamp.swift; sourceTree = "<group>"; };
		1F773DE128340E7900501819 /* ListBootcamp.swift */ = {isa = PBXFileReference; lastKnownFileType = sourcecode.swift; path = ListBootcamp.swift; sourceTree = "<group>"; };
		1F773DE32834E6E700501819 /* AlertBootcamp.swift */ = {isa = PBXFileReference; lastKnownFileType = sourcecode.swift; path = AlertBootcamp.swift; sourceTree = "<group>"; };
		1F773DE52835012300501819 /* ActionsheetBootcamp.swift */ = {isa = PBXFileReference; lastKnownFileType = sourcecode.swift; path = ActionsheetBootcamp.swift; sourceTree = "<group>"; };
		1F773DE728351FA800501819 /* ContextMenuBootcamp.swift */ = {isa = PBXFileReference; lastKnownFileType = sourcecode.swift; path = ContextMenuBootcamp.swift; sourceTree = "<group>"; };
		1FAFF48A283920D000C0D546 /* EnvironmentObjectBootcamp.swift */ = {isa = PBXFileReference; lastKnownFileType = sourcecode.swift; path = EnvironmentObjectBootcamp.swift; sourceTree = "<group>"; };
		1FAFF48C2839338F00C0D546 /* AppStorageBootcamp.swift */ = {isa = PBXFileReference; lastKnownFileType = sourcecode.swift; path = AppStorageBootcamp.swift; sourceTree = "<group>"; };
		1FAFF49028393FC400C0D546 /* IntroView.swift */ = {isa = PBXFileReference; lastKnownFileType = sourcecode.swift; path = IntroView.swift; sourceTree = "<group>"; };
		1FAFF4922839412800C0D546 /* OnboardingView.swift */ = {isa = PBXFileReference; lastKnownFileType = sourcecode.swift; path = OnboardingView.swift; sourceTree = "<group>"; };
		1FB91F71283BD2D5006EC9C6 /* ProfileView.swift */ = {isa = PBXFileReference; lastKnownFileType = sourcecode.swift; path = ProfileView.swift; sourceTree = "<group>"; };
		1FCAB08528368E5F00A7FEF2 /* StepperBootcamp.swift */ = {isa = PBXFileReference; lastKnownFileType = sourcecode.swift; path = StepperBootcamp.swift; sourceTree = "<group>"; };
		1FCAB087283693B000A7FEF2 /* SliderBootcamp.swift */ = {isa = PBXFileReference; lastKnownFileType = sourcecode.swift; path = SliderBootcamp.swift; sourceTree = "<group>"; };
		1FCAB0892836A7B600A7FEF2 /* PageTabViewStyleBootcamp.swift */ = {isa = PBXFileReference; lastKnownFileType = sourcecode.swift; path = PageTabViewStyleBootcamp.swift; sourceTree = "<group>"; };
		1FCAB08B2836AA6100A7FEF2 /* DarkModeBootcamp.swift */ = {isa = PBXFileReference; lastKnownFileType = sourcecode.swift; path = DarkModeBootcamp.swift; sourceTree = "<group>"; };
		1FCAB08D2836ACFF00A7FEF2 /* DocumentationBootcamp.swift */ = {isa = PBXFileReference; lastKnownFileType = sourcecode.swift; path = DocumentationBootcamp.swift; sourceTree = "<group>"; };
		1FD9D2E9282517D900615110 /* SwiftUIBootcampApp.swift */ = {isa = PBXFileReference; lastKnownFileType = sourcecode.swift; path = SwiftUIBootcampApp.swift; sourceTree = "<group>"; };
		1FD9D2EA282517D900615110 /* ContentView.swift */ = {isa = PBXFileReference; lastKnownFileType = sourcecode.swift; path = ContentView.swift; sourceTree = "<group>"; };
		1FD9D2EB282517DB00615110 /* Assets.xcassets */ = {isa = PBXFileReference; lastKnownFileType = folder.assetcatalog; path = Assets.xcassets; sourceTree = "<group>"; };
		1FD9D2F0282517DB00615110 /* SwiftUIBootcamp.app */ = {isa = PBXFileReference; explicitFileType = wrapper.application; includeInIndex = 0; path = SwiftUIBootcamp.app; sourceTree = BUILT_PRODUCTS_DIR; };
		1FD9D2F6282517DB00615110 /* SwiftUIBootcamp.app */ = {isa = PBXFileReference; explicitFileType = wrapper.application; includeInIndex = 0; path = SwiftUIBootcamp.app; sourceTree = BUILT_PRODUCTS_DIR; };
		1FD9D3072825181100615110 /* TextBootcamp.swift */ = {isa = PBXFileReference; lastKnownFileType = sourcecode.swift; path = TextBootcamp.swift; sourceTree = "<group>"; };
		1FD9D30A2825185200615110 /* ShapesBootcamp.swift */ = {isa = PBXFileReference; lastKnownFileType = sourcecode.swift; path = ShapesBootcamp.swift; sourceTree = "<group>"; };
		1FD9D30D2825658E00615110 /* ColorsBootcamp.swift */ = {isa = PBXFileReference; lastKnownFileType = sourcecode.swift; path = ColorsBootcamp.swift; sourceTree = "<group>"; };
		1FD9D31028256E6800615110 /* GradientsBootcamp.swift */ = {isa = PBXFileReference; lastKnownFileType = sourcecode.swift; path = GradientsBootcamp.swift; sourceTree = "<group>"; };
		1FD9D3132825755900615110 /* IconsBootcamp.swift */ = {isa = PBXFileReference; lastKnownFileType = sourcecode.swift; path = IconsBootcamp.swift; sourceTree = "<group>"; };
		1FDCAB9E2836B57400D834FC /* OnAppearBootcamp.swift */ = {isa = PBXFileReference; lastKnownFileType = sourcecode.swift; path = OnAppearBootcamp.swift; sourceTree = "<group>"; };
/* End PBXFileReference section */

/* Begin PBXFrameworksBuildPhase section */
		1FD9D2ED282517DB00615110 /* Frameworks */ = {
			isa = PBXFrameworksBuildPhase;
			buildActionMask = 2147483647;
			files = (
			);
			runOnlyForDeploymentPostprocessing = 0;
		};
		1FD9D2F3282517DB00615110 /* Frameworks */ = {
			isa = PBXFrameworksBuildPhase;
			buildActionMask = 2147483647;
			files = (
			);
			runOnlyForDeploymentPostprocessing = 0;
		};
/* End PBXFrameworksBuildPhase section */

/* Begin PBXGroup section */
		1FAFF48F28393F5000C0D546 /* OnBoardingViews */ = {
			isa = PBXGroup;
			children = (
				1FAFF49028393FC400C0D546 /* IntroView.swift */,
				1FAFF4922839412800C0D546 /* OnboardingView.swift */,
				1FB91F71283BD2D5006EC9C6 /* ProfileView.swift */,
			);
			path = OnBoardingViews;
			sourceTree = "<group>";
		};
		1FD9D2E3282517D900615110 = {
			isa = PBXGroup;
			children = (
				1FD9D2E8282517D900615110 /* Shared */,
				1FD9D2F1282517DB00615110 /* Products */,
			);
			sourceTree = "<group>";
		};
		1FD9D2E8282517D900615110 /* Shared */ = {
			isa = PBXGroup;
			children = (
				1FAFF48C2839338F00C0D546 /* AppStorageBootcamp.swift */,
				1FAFF48A283920D000C0D546 /* EnvironmentObjectBootcamp.swift */,
				1F756D1B2837CBC70039A6C4 /* ViewModelBootcamp.swift */,
				1F756D19283793B20039A6C4 /* ModelBootcamp.swift */,
				1F756D1728378BAB0039A6C4 /* TapGestureBootcamp.swift */,
				1F756D15283784F90039A6C4 /* LetGuardBootcamp.swift */,
				1FDCAB9E2836B57400D834FC /* OnAppearBootcamp.swift */,
				1FCAB08D2836ACFF00A7FEF2 /* DocumentationBootcamp.swift */,
				1FCAB08B2836AA6100A7FEF2 /* DarkModeBootcamp.swift */,
				1FCAB0892836A7B600A7FEF2 /* PageTabViewStyleBootcamp.swift */,
				1FCAB087283693B000A7FEF2 /* SliderBootcamp.swift */,
				1FCAB08528368E5F00A7FEF2 /* StepperBootcamp.swift */,
				1F66146A2835697600A3385F /* DatePickerBootcamp.swift */,
				1F6614682835679100A3385F /* ColorPickerBootcamp.swift */,
				1F661466283550AA00A3385F /* PickerBootcamp.swift */,
				1F6614642835434800A3385F /* ToggleBootcamp.swift */,
				1F66146228353F8900A3385F /* TextEditorBootcamp.swift */,
				1F661460283539DA00A3385F /* TextFieldBootcamp.swift */,
				1F773DE728351FA800501819 /* ContextMenuBootcamp.swift */,
				1F773DE52835012300501819 /* ActionsheetBootcamp.swift */,
				1F773DE32834E6E700501819 /* AlertBootcamp.swift */,
				1F773DE128340E7900501819 /* ListBootcamp.swift */,
				1F773DDE28340B1D00501819 /* NavigationViewBootcamp.swift */,
				1F44EE1B282ECD8900252DFE /* TabViewBootcamp.swift */,
				1F6C85DA282D1C5700BD8996 /* AnimationTimingBootcamp.swift */,
				1F6C85D8282CF9A600BD8996 /* AnimationBootcamp.swift */,
				1F6C85D4282CEEAB00BD8996 /* ConditionalBootcamp.swift */,
				1F08A23F282C07AA00A51A17 /* BindingBootcamp.swift */,
				1FD9D2E9282517D900615110 /* SwiftUIBootcampApp.swift */,
				1FD9D2EA282517D900615110 /* ContentView.swift */,
				1FD9D2EB282517DB00615110 /* Assets.xcassets */,
				1FD9D3072825181100615110 /* TextBootcamp.swift */,
				1FD9D30A2825185200615110 /* ShapesBootcamp.swift */,
				1FD9D30D2825658E00615110 /* ColorsBootcamp.swift */,
				1FD9D31028256E6800615110 /* GradientsBootcamp.swift */,
				1FD9D3132825755900615110 /* IconsBootcamp.swift */,
				1F4E7A7C2827C53F00B4C9A2 /* ImageBootcamp.swift */,
				1F4E7A7F2827F1CE00B4C9A2 /* FrameBootcamp.swift */,
				1F4E7A822827F71900B4C9A2 /* BackgroundAndOverlayBootcamp.swift */,
				1F08A23C282C01F500A51A17 /* ExtractSubviewsBootcamp.swift */,
				1F4E7A88282817EF00B4C9A2 /* PaddingAndSpacerBootcamp.swift */,
				1F4E7A8B28281B5900B4C9A2 /* SpacerBootcamp.swift */,
				1FAFF48F28393F5000C0D546 /* OnBoardingViews */,
				1F4E7A8E282823AC00B4C9A2 /* InitializerBootcamp.swift */,
				1F4E7A912828293B00B4C9A2 /* ForEachBootcamp.swift */,
				1F4E7A942828327100B4C9A2 /* ScrollViewBootcamp.swift */,
				1F4E7A97282836ED00B4C9A2 /* GridBootcamp.swift */,
				1F4E7A9A28283D4700B4C9A2 /* SafeAreaBootcamp.swift */,
				1F4E7A9D282841F300B4C9A2 /* ButtonBootcamp.swift */,
				1F4E7AA0282847F300B4C9A2 /* StateBootcamp.swift */,
				1F4E7A85282808DB00B4C9A2 /* StacksBootcamp.swift */,
				1F08A239282BF70300A51A17 /* ExtractedFunctionsBootcamp.swift */,
				1F6C85D6282CF7D300BD8996 /* TernaryBootcamp.swift */,
				1F6C85DC282D364C00BD8996 /* TransitionBootcamp.swift */,
				1F6C85DE282D40D300BD8996 /* SheetsAndFullScreenCoversBootcamp.swift */,
				1F6C85E0282D5F7700BD8996 /* PopoverBootcamp.swift */,
			);
			path = Shared;
			sourceTree = "<group>";
		};
		1FD9D2F1282517DB00615110 /* Products */ = {
			isa = PBXGroup;
			children = (
				1FD9D2F0282517DB00615110 /* SwiftUIBootcamp.app */,
				1FD9D2F6282517DB00615110 /* SwiftUIBootcamp.app */,
			);
			name = Products;
			sourceTree = "<group>";
		};
/* End PBXGroup section */

/* Begin PBXNativeTarget section */
		1FD9D2EF282517DB00615110 /* SwiftUIBootcamp (iOS) */ = {
			isa = PBXNativeTarget;
			buildConfigurationList = 1FD9D301282517DB00615110 /* Build configuration list for PBXNativeTarget "SwiftUIBootcamp (iOS)" */;
			buildPhases = (
				1FD9D2EC282517DB00615110 /* Sources */,
				1FD9D2ED282517DB00615110 /* Frameworks */,
				1FD9D2EE282517DB00615110 /* Resources */,
			);
			buildRules = (
			);
			dependencies = (
			);
			name = "SwiftUIBootcamp (iOS)";
			productName = "SwiftUIBootcamp (iOS)";
			productReference = 1FD9D2F0282517DB00615110 /* SwiftUIBootcamp.app */;
			productType = "com.apple.product-type.application";
		};
		1FD9D2F5282517DB00615110 /* SwiftUIBootcamp (macOS) */ = {
			isa = PBXNativeTarget;
			buildConfigurationList = 1FD9D304282517DB00615110 /* Build configuration list for PBXNativeTarget "SwiftUIBootcamp (macOS)" */;
			buildPhases = (
				1FD9D2F2282517DB00615110 /* Sources */,
				1FD9D2F3282517DB00615110 /* Frameworks */,
				1FD9D2F4282517DB00615110 /* Resources */,
			);
			buildRules = (
			);
			dependencies = (
			);
			name = "SwiftUIBootcamp (macOS)";
			productName = "SwiftUIBootcamp (macOS)";
			productReference = 1FD9D2F6282517DB00615110 /* SwiftUIBootcamp.app */;
			productType = "com.apple.product-type.application";
		};
/* End PBXNativeTarget section */

/* Begin PBXProject section */
		1FD9D2E4282517D900615110 /* Project object */ = {
			isa = PBXProject;
			attributes = {
				BuildIndependentTargetsInParallel = 1;
				LastSwiftUpdateCheck = 1330;
				LastUpgradeCheck = 1330;
				TargetAttributes = {
					1FD9D2EF282517DB00615110 = {
						CreatedOnToolsVersion = 13.3;
					};
					1FD9D2F5282517DB00615110 = {
						CreatedOnToolsVersion = 13.3;
					};
				};
			};
			buildConfigurationList = 1FD9D2E7282517D900615110 /* Build configuration list for PBXProject "SwiftUIBootcamp" */;
			compatibilityVersion = "Xcode 13.0";
			developmentRegion = en;
			hasScannedForEncodings = 0;
			knownRegions = (
				en,
				Base,
			);
			mainGroup = 1FD9D2E3282517D900615110;
			productRefGroup = 1FD9D2F1282517DB00615110 /* Products */;
			projectDirPath = "";
			projectRoot = "";
			targets = (
				1FD9D2EF282517DB00615110 /* SwiftUIBootcamp (iOS) */,
				1FD9D2F5282517DB00615110 /* SwiftUIBootcamp (macOS) */,
			);
		};
/* End PBXProject section */

/* Begin PBXResourcesBuildPhase section */
		1FD9D2EE282517DB00615110 /* Resources */ = {
			isa = PBXResourcesBuildPhase;
			buildActionMask = 2147483647;
			files = (
				1FD9D2FD282517DB00615110 /* Assets.xcassets in Resources */,
			);
			runOnlyForDeploymentPostprocessing = 0;
		};
		1FD9D2F4282517DB00615110 /* Resources */ = {
			isa = PBXResourcesBuildPhase;
			buildActionMask = 2147483647;
			files = (
				1FD9D2FE282517DB00615110 /* Assets.xcassets in Resources */,
			);
			runOnlyForDeploymentPostprocessing = 0;
		};
/* End PBXResourcesBuildPhase section */

/* Begin PBXSourcesBuildPhase section */
		1FD9D2EC282517DB00615110 /* Sources */ = {
			isa = PBXSourcesBuildPhase;
			buildActionMask = 2147483647;
			files = (
				1F6C85DF282D40D300BD8996 /* SheetsAndFullScreenCoversBootcamp.swift in Sources */,
				1F4E7AA1282847F300B4C9A2 /* StateBootcamp.swift in Sources */,
				1FD9D31128256E6800615110 /* GradientsBootcamp.swift in Sources */,
				1F4E7A832827F71900B4C9A2 /* BackgroundAndOverlayBootcamp.swift in Sources */,
				1F4E7A952828327100B4C9A2 /* ScrollViewBootcamp.swift in Sources */,
				1FCAB08628368E5F00A7FEF2 /* StepperBootcamp.swift in Sources */,
				1F4E7A89282817EF00B4C9A2 /* PaddingAndSpacerBootcamp.swift in Sources */,
				1F756D1A283793B20039A6C4 /* ModelBootcamp.swift in Sources */,
				1F4E7A98282836ED00B4C9A2 /* GridBootcamp.swift in Sources */,
				1F08A23D282C01F500A51A17 /* ExtractSubviewsBootcamp.swift in Sources */,
				1F773DE228340E7900501819 /* ListBootcamp.swift in Sources */,
				1F44EE1C282ECD8900252DFE /* TabViewBootcamp.swift in Sources */,
				1FAFF48B283920D000C0D546 /* EnvironmentObjectBootcamp.swift in Sources */,
				1FAFF4932839412800C0D546 /* OnboardingView.swift in Sources */,
				1FD9D30E2825658E00615110 /* ColorsBootcamp.swift in Sources */,
				1FAFF48D2839338F00C0D546 /* AppStorageBootcamp.swift in Sources */,
				1FB91F72283BD2D5006EC9C6 /* ProfileView.swift in Sources */,
				1FCAB08E2836ACFF00A7FEF2 /* DocumentationBootcamp.swift in Sources */,
				1F08A23A282BF70300A51A17 /* ExtractedFunctionsBootcamp.swift in Sources */,
				1F4E7A802827F1CE00B4C9A2 /* FrameBootcamp.swift in Sources */,
				1F6C85D7282CF7D300BD8996 /* TernaryBootcamp.swift in Sources */,
				1F4E7A8F282823AC00B4C9A2 /* InitializerBootcamp.swift in Sources */,
				1F4E7A9B28283D4700B4C9A2 /* SafeAreaBootcamp.swift in Sources */,
				1F6C85DB282D1C5700BD8996 /* AnimationTimingBootcamp.swift in Sources */,
				1FD9D30B2825185200615110 /* ShapesBootcamp.swift in Sources */,
				1FCAB08A2836A7B600A7FEF2 /* PageTabViewStyleBootcamp.swift in Sources */,
				1FD9D2FB282517DB00615110 /* ContentView.swift in Sources */,
				1F756D16283784F90039A6C4 /* LetGuardBootcamp.swift in Sources */,
				1F4E7A9E282841F300B4C9A2 /* ButtonBootcamp.swift in Sources */,
				1F4E7A922828293B00B4C9A2 /* ForEachBootcamp.swift in Sources */,
				1FD9D3082825181100615110 /* TextBootcamp.swift in Sources */,
				1F756D1C2837CBC70039A6C4 /* ViewModelBootcamp.swift in Sources */,
				1F773DE62835012300501819 /* ActionsheetBootcamp.swift in Sources */,
				1F773DE828351FA800501819 /* ContextMenuBootcamp.swift in Sources */,
				1F66146B2835697600A3385F /* DatePickerBootcamp.swift in Sources */,
				1F6C85DD282D364C00BD8996 /* TransitionBootcamp.swift in Sources */,
				1F661461283539DA00A3385F /* TextFieldBootcamp.swift in Sources */,
				1F66146328353F8900A3385F /* TextEditorBootcamp.swift in Sources */,
				1F756D1828378BAC0039A6C4 /* TapGestureBootcamp.swift in Sources */,
				1FD9D2F9282517DB00615110 /* SwiftUIBootcampApp.swift in Sources */,
				1FCAB08C2836AA6100A7FEF2 /* DarkModeBootcamp.swift in Sources */,
				1F6614692835679100A3385F /* ColorPickerBootcamp.swift in Sources */,
				1FCAB088283693B000A7FEF2 /* SliderBootcamp.swift in Sources */,
				1F773DDF28340B1D00501819 /* NavigationViewBootcamp.swift in Sources */,
				1FAFF49128393FC400C0D546 /* IntroView.swift in Sources */,
				1F773DE42834E6E700501819 /* AlertBootcamp.swift in Sources */,
				1F6614652835434800A3385F /* ToggleBootcamp.swift in Sources */,
				1F6C85E1282D5F7800BD8996 /* PopoverBootcamp.swift in Sources */,
				1F08A240282C07AA00A51A17 /* BindingBootcamp.swift in Sources */,
				1F4E7A86282808DB00B4C9A2 /* StacksBootcamp.swift in Sources */,
				1F661467283550AA00A3385F /* PickerBootcamp.swift in Sources */,
				1F6C85D9282CF9A600BD8996 /* AnimationBootcamp.swift in Sources */,
				1F4E7A8C28281B5900B4C9A2 /* SpacerBootcamp.swift in Sources */,
				1FDCAB9F2836B57400D834FC /* OnAppearBootcamp.swift in Sources */,
				1F6C85D5282CEEAB00BD8996 /* ConditionalBootcamp.swift in Sources */,
				1F4E7A7D2827C53F00B4C9A2 /* ImageBootcamp.swift in Sources */,
				1FD9D3142825755900615110 /* IconsBootcamp.swift in Sources */,
			);
			runOnlyForDeploymentPostprocessing = 0;
		};
		1FD9D2F2282517DB00615110 /* Sources */ = {
			isa = PBXSourcesBuildPhase;
			buildActionMask = 2147483647;
			files = (
				1F4E7AA2282847F300B4C9A2 /* StateBootcamp.swift in Sources */,
				1FD9D31228256E6800615110 /* GradientsBootcamp.swift in Sources */,
				1F4E7A842827F71900B4C9A2 /* BackgroundAndOverlayBootcamp.swift in Sources */,
				1F4E7A962828327100B4C9A2 /* ScrollViewBootcamp.swift in Sources */,
				1F4E7A8A282817EF00B4C9A2 /* PaddingAndSpacerBootcamp.swift in Sources */,
				1F4E7A99282836ED00B4C9A2 /* GridBootcamp.swift in Sources */,
				1F08A23E282C01F500A51A17 /* ExtractSubviewsBootcamp.swift in Sources */,
				1FD9D30F2825658E00615110 /* ColorsBootcamp.swift in Sources */,
				1F08A23B282BF70300A51A17 /* ExtractedFunctionsBootcamp.swift in Sources */,
				1F4E7A812827F1CE00B4C9A2 /* FrameBootcamp.swift in Sources */,
				1F4E7A90282823AC00B4C9A2 /* InitializerBootcamp.swift in Sources */,
				1F4E7A9C28283D4700B4C9A2 /* SafeAreaBootcamp.swift in Sources */,
				1FD9D30C2825185200615110 /* ShapesBootcamp.swift in Sources */,
				1FD9D2FC282517DB00615110 /* ContentView.swift in Sources */,
				1F4E7A9F282841F300B4C9A2 /* ButtonBootcamp.swift in Sources */,
				1F4E7A932828293B00B4C9A2 /* ForEachBootcamp.swift in Sources */,
				1FD9D3092825181100615110 /* TextBootcamp.swift in Sources */,
				1FD9D2FA282517DB00615110 /* SwiftUIBootcampApp.swift in Sources */,
				1F08A241282C07AA00A51A17 /* BindingBootcamp.swift in Sources */,
				1F4E7A87282808DB00B4C9A2 /* StacksBootcamp.swift in Sources */,
				1F4E7A8D28281B5900B4C9A2 /* SpacerBootcamp.swift in Sources */,
				1F4E7A7E2827C53F00B4C9A2 /* ImageBootcamp.swift in Sources */,
				1FD9D3152825755900615110 /* IconsBootcamp.swift in Sources */,
				1F773DE028340B1D00501819 /* NavigationViewBootcamp.swift in Sources */,
			);
			runOnlyForDeploymentPostprocessing = 0;
		};
/* End PBXSourcesBuildPhase section */

/* Begin XCBuildConfiguration section */
		1FD9D2FF282517DB00615110 /* Debug */ = {
			isa = XCBuildConfiguration;
			buildSettings = {
				ALWAYS_SEARCH_USER_PATHS = NO;
				CLANG_ANALYZER_NONNULL = YES;
				CLANG_ANALYZER_NUMBER_OBJECT_CONVERSION = YES_AGGRESSIVE;
				CLANG_CXX_LANGUAGE_STANDARD = "gnu++17";
				CLANG_ENABLE_MODULES = YES;
				CLANG_ENABLE_OBJC_ARC = YES;
				CLANG_ENABLE_OBJC_WEAK = YES;
				CLANG_WARN_BLOCK_CAPTURE_AUTORELEASING = YES;
				CLANG_WARN_BOOL_CONVERSION = YES;
				CLANG_WARN_COMMA = YES;
				CLANG_WARN_CONSTANT_CONVERSION = YES;
				CLANG_WARN_DEPRECATED_OBJC_IMPLEMENTATIONS = YES;
				CLANG_WARN_DIRECT_OBJC_ISA_USAGE = YES_ERROR;
				CLANG_WARN_DOCUMENTATION_COMMENTS = YES;
				CLANG_WARN_EMPTY_BODY = YES;
				CLANG_WARN_ENUM_CONVERSION = YES;
				CLANG_WARN_INFINITE_RECURSION = YES;
				CLANG_WARN_INT_CONVERSION = YES;
				CLANG_WARN_NON_LITERAL_NULL_CONVERSION = YES;
				CLANG_WARN_OBJC_IMPLICIT_RETAIN_SELF = YES;
				CLANG_WARN_OBJC_LITERAL_CONVERSION = YES;
				CLANG_WARN_OBJC_ROOT_CLASS = YES_ERROR;
				CLANG_WARN_QUOTED_INCLUDE_IN_FRAMEWORK_HEADER = YES;
				CLANG_WARN_RANGE_LOOP_ANALYSIS = YES;
				CLANG_WARN_STRICT_PROTOTYPES = YES;
				CLANG_WARN_SUSPICIOUS_MOVE = YES;
				CLANG_WARN_UNGUARDED_AVAILABILITY = YES_AGGRESSIVE;
				CLANG_WARN_UNREACHABLE_CODE = YES;
				CLANG_WARN__DUPLICATE_METHOD_MATCH = YES;
				COPY_PHASE_STRIP = NO;
				DEBUG_INFORMATION_FORMAT = dwarf;
				ENABLE_STRICT_OBJC_MSGSEND = YES;
				ENABLE_TESTABILITY = YES;
				GCC_C_LANGUAGE_STANDARD = gnu11;
				GCC_DYNAMIC_NO_PIC = NO;
				GCC_NO_COMMON_BLOCKS = YES;
				GCC_OPTIMIZATION_LEVEL = 0;
				GCC_PREPROCESSOR_DEFINITIONS = (
					"DEBUG=1",
					"$(inherited)",
				);
				GCC_WARN_64_TO_32_BIT_CONVERSION = YES;
				GCC_WARN_ABOUT_RETURN_TYPE = YES_ERROR;
				GCC_WARN_UNDECLARED_SELECTOR = YES;
				GCC_WARN_UNINITIALIZED_AUTOS = YES_AGGRESSIVE;
				GCC_WARN_UNUSED_FUNCTION = YES;
				GCC_WARN_UNUSED_VARIABLE = YES;
				MTL_ENABLE_DEBUG_INFO = INCLUDE_SOURCE;
				MTL_FAST_MATH = YES;
				ONLY_ACTIVE_ARCH = YES;
				SWIFT_ACTIVE_COMPILATION_CONDITIONS = DEBUG;
				SWIFT_OPTIMIZATION_LEVEL = "-Onone";
			};
			name = Debug;
		};
		1FD9D300282517DB00615110 /* Release */ = {
			isa = XCBuildConfiguration;
			buildSettings = {
				ALWAYS_SEARCH_USER_PATHS = NO;
				CLANG_ANALYZER_NONNULL = YES;
				CLANG_ANALYZER_NUMBER_OBJECT_CONVERSION = YES_AGGRESSIVE;
				CLANG_CXX_LANGUAGE_STANDARD = "gnu++17";
				CLANG_ENABLE_MODULES = YES;
				CLANG_ENABLE_OBJC_ARC = YES;
				CLANG_ENABLE_OBJC_WEAK = YES;
				CLANG_WARN_BLOCK_CAPTURE_AUTORELEASING = YES;
				CLANG_WARN_BOOL_CONVERSION = YES;
				CLANG_WARN_COMMA = YES;
				CLANG_WARN_CONSTANT_CONVERSION = YES;
				CLANG_WARN_DEPRECATED_OBJC_IMPLEMENTATIONS = YES;
				CLANG_WARN_DIRECT_OBJC_ISA_USAGE = YES_ERROR;
				CLANG_WARN_DOCUMENTATION_COMMENTS = YES;
				CLANG_WARN_EMPTY_BODY = YES;
				CLANG_WARN_ENUM_CONVERSION = YES;
				CLANG_WARN_INFINITE_RECURSION = YES;
				CLANG_WARN_INT_CONVERSION = YES;
				CLANG_WARN_NON_LITERAL_NULL_CONVERSION = YES;
				CLANG_WARN_OBJC_IMPLICIT_RETAIN_SELF = YES;
				CLANG_WARN_OBJC_LITERAL_CONVERSION = YES;
				CLANG_WARN_OBJC_ROOT_CLASS = YES_ERROR;
				CLANG_WARN_QUOTED_INCLUDE_IN_FRAMEWORK_HEADER = YES;
				CLANG_WARN_RANGE_LOOP_ANALYSIS = YES;
				CLANG_WARN_STRICT_PROTOTYPES = YES;
				CLANG_WARN_SUSPICIOUS_MOVE = YES;
				CLANG_WARN_UNGUARDED_AVAILABILITY = YES_AGGRESSIVE;
				CLANG_WARN_UNREACHABLE_CODE = YES;
				CLANG_WARN__DUPLICATE_METHOD_MATCH = YES;
				COPY_PHASE_STRIP = NO;
				DEBUG_INFORMATION_FORMAT = "dwarf-with-dsym";
				ENABLE_NS_ASSERTIONS = NO;
				ENABLE_STRICT_OBJC_MSGSEND = YES;
				GCC_C_LANGUAGE_STANDARD = gnu11;
				GCC_NO_COMMON_BLOCKS = YES;
				GCC_WARN_64_TO_32_BIT_CONVERSION = YES;
				GCC_WARN_ABOUT_RETURN_TYPE = YES_ERROR;
				GCC_WARN_UNDECLARED_SELECTOR = YES;
				GCC_WARN_UNINITIALIZED_AUTOS = YES_AGGRESSIVE;
				GCC_WARN_UNUSED_FUNCTION = YES;
				GCC_WARN_UNUSED_VARIABLE = YES;
				MTL_ENABLE_DEBUG_INFO = NO;
				MTL_FAST_MATH = YES;
				SWIFT_COMPILATION_MODE = wholemodule;
				SWIFT_OPTIMIZATION_LEVEL = "-O";
			};
			name = Release;
		};
		1FD9D302282517DB00615110 /* Debug */ = {
			isa = XCBuildConfiguration;
			buildSettings = {
				ASSETCATALOG_COMPILER_APPICON_NAME = AppIcon;
				ASSETCATALOG_COMPILER_GLOBAL_ACCENT_COLOR_NAME = AccentColor;
				CODE_SIGN_STYLE = Automatic;
				CURRENT_PROJECT_VERSION = 1;
				DEVELOPMENT_TEAM = ZHPVTZA532;
				ENABLE_PREVIEWS = YES;
				GENERATE_INFOPLIST_FILE = YES;
				INFOPLIST_KEY_UIApplicationSceneManifest_Generation = YES;
				INFOPLIST_KEY_UIApplicationSupportsIndirectInputEvents = YES;
				INFOPLIST_KEY_UILaunchScreen_Generation = YES;
				INFOPLIST_KEY_UISupportedInterfaceOrientations_iPad = "UIInterfaceOrientationPortrait UIInterfaceOrientationPortraitUpsideDown UIInterfaceOrientationLandscapeLeft UIInterfaceOrientationLandscapeRight";
				INFOPLIST_KEY_UISupportedInterfaceOrientations_iPhone = "UIInterfaceOrientationPortrait UIInterfaceOrientationLandscapeLeft UIInterfaceOrientationLandscapeRight";
				IPHONEOS_DEPLOYMENT_TARGET = 15.4;
				LD_RUNPATH_SEARCH_PATHS = (
					"$(inherited)",
					"@executable_path/Frameworks",
				);
				MARKETING_VERSION = 1.0;
				PRODUCT_BUNDLE_IDENTIFIER = com.pRoxy.SwiftUIBootcamp;
				PRODUCT_NAME = SwiftUIBootcamp;
				SDKROOT = iphoneos;
				SWIFT_EMIT_LOC_STRINGS = YES;
				SWIFT_VERSION = 5.0;
				TARGETED_DEVICE_FAMILY = "1,2";
			};
			name = Debug;
		};
		1FD9D303282517DB00615110 /* Release */ = {
			isa = XCBuildConfiguration;
			buildSettings = {
				ASSETCATALOG_COMPILER_APPICON_NAME = AppIcon;
				ASSETCATALOG_COMPILER_GLOBAL_ACCENT_COLOR_NAME = AccentColor;
				CODE_SIGN_STYLE = Automatic;
				CURRENT_PROJECT_VERSION = 1;
				DEVELOPMENT_TEAM = ZHPVTZA532;
				ENABLE_PREVIEWS = YES;
				GENERATE_INFOPLIST_FILE = YES;
				INFOPLIST_KEY_UIApplicationSceneManifest_Generation = YES;
				INFOPLIST_KEY_UIApplicationSupportsIndirectInputEvents = YES;
				INFOPLIST_KEY_UILaunchScreen_Generation = YES;
				INFOPLIST_KEY_UISupportedInterfaceOrientations_iPad = "UIInterfaceOrientationPortrait UIInterfaceOrientationPortraitUpsideDown UIInterfaceOrientationLandscapeLeft UIInterfaceOrientationLandscapeRight";
				INFOPLIST_KEY_UISupportedInterfaceOrientations_iPhone = "UIInterfaceOrientationPortrait UIInterfaceOrientationLandscapeLeft UIInterfaceOrientationLandscapeRight";
				IPHONEOS_DEPLOYMENT_TARGET = 15.4;
				LD_RUNPATH_SEARCH_PATHS = (
					"$(inherited)",
					"@executable_path/Frameworks",
				);
				MARKETING_VERSION = 1.0;
				PRODUCT_BUNDLE_IDENTIFIER = com.pRoxy.SwiftUIBootcamp;
				PRODUCT_NAME = SwiftUIBootcamp;
				SDKROOT = iphoneos;
				SWIFT_EMIT_LOC_STRINGS = YES;
				SWIFT_VERSION = 5.0;
				TARGETED_DEVICE_FAMILY = "1,2";
				VALIDATE_PRODUCT = YES;
			};
			name = Release;
		};
		1FD9D305282517DB00615110 /* Debug */ = {
			isa = XCBuildConfiguration;
			buildSettings = {
				ASSETCATALOG_COMPILER_APPICON_NAME = AppIcon;
				ASSETCATALOG_COMPILER_GLOBAL_ACCENT_COLOR_NAME = AccentColor;
				CODE_SIGN_ENTITLEMENTS = macOS/macOS.entitlements;
				CODE_SIGN_STYLE = Automatic;
				COMBINE_HIDPI_IMAGES = YES;
				CURRENT_PROJECT_VERSION = 1;
				DEVELOPMENT_TEAM = ZHPVTZA532;
				ENABLE_HARDENED_RUNTIME = YES;
				ENABLE_PREVIEWS = YES;
				GENERATE_INFOPLIST_FILE = YES;
				INFOPLIST_KEY_NSHumanReadableCopyright = "";
				LD_RUNPATH_SEARCH_PATHS = (
					"$(inherited)",
					"@executable_path/../Frameworks",
				);
				MACOSX_DEPLOYMENT_TARGET = 12.3;
				MARKETING_VERSION = 1.0;
				PRODUCT_BUNDLE_IDENTIFIER = com.pRoxy.SwiftUIBootcamp;
				PRODUCT_NAME = SwiftUIBootcamp;
				SDKROOT = macosx;
				SWIFT_EMIT_LOC_STRINGS = YES;
				SWIFT_VERSION = 5.0;
			};
			name = Debug;
		};
		1FD9D306282517DB00615110 /* Release */ = {
			isa = XCBuildConfiguration;
			buildSettings = {
				ASSETCATALOG_COMPILER_APPICON_NAME = AppIcon;
				ASSETCATALOG_COMPILER_GLOBAL_ACCENT_COLOR_NAME = AccentColor;
				CODE_SIGN_ENTITLEMENTS = macOS/macOS.entitlements;
				CODE_SIGN_STYLE = Automatic;
				COMBINE_HIDPI_IMAGES = YES;
				CURRENT_PROJECT_VERSION = 1;
				DEVELOPMENT_TEAM = ZHPVTZA532;
				ENABLE_HARDENED_RUNTIME = YES;
				ENABLE_PREVIEWS = YES;
				GENERATE_INFOPLIST_FILE = YES;
				INFOPLIST_KEY_NSHumanReadableCopyright = "";
				LD_RUNPATH_SEARCH_PATHS = (
					"$(inherited)",
					"@executable_path/../Frameworks",
				);
				MACOSX_DEPLOYMENT_TARGET = 12.3;
				MARKETING_VERSION = 1.0;
				PRODUCT_BUNDLE_IDENTIFIER = com.pRoxy.SwiftUIBootcamp;
				PRODUCT_NAME = SwiftUIBootcamp;
				SDKROOT = macosx;
				SWIFT_EMIT_LOC_STRINGS = YES;
				SWIFT_VERSION = 5.0;
			};
			name = Release;
		};
/* End XCBuildConfiguration section */

/* Begin XCConfigurationList section */
		1FD9D2E7282517D900615110 /* Build configuration list for PBXProject "SwiftUIBootcamp" */ = {
			isa = XCConfigurationList;
			buildConfigurations = (
				1FD9D2FF282517DB00615110 /* Debug */,
				1FD9D300282517DB00615110 /* Release */,
			);
			defaultConfigurationIsVisible = 0;
			defaultConfigurationName = Release;
		};
		1FD9D301282517DB00615110 /* Build configuration list for PBXNativeTarget "SwiftUIBootcamp (iOS)" */ = {
			isa = XCConfigurationList;
			buildConfigurations = (
				1FD9D302282517DB00615110 /* Debug */,
				1FD9D303282517DB00615110 /* Release */,
			);
			defaultConfigurationIsVisible = 0;
			defaultConfigurationName = Release;
		};
		1FD9D304282517DB00615110 /* Build configuration list for PBXNativeTarget "SwiftUIBootcamp (macOS)" */ = {
			isa = XCConfigurationList;
			buildConfigurations = (
				1FD9D305282517DB00615110 /* Debug */,
				1FD9D306282517DB00615110 /* Release */,
			);
			defaultConfigurationIsVisible = 0;
			defaultConfigurationName = Release;
		};
/* End XCConfigurationList section */
	};
	rootObject = 1FD9D2E4282517D900615110 /* Project object */;
}
